
Microsoft Visual Studio Solution File, Format Version 12.00
# Visual Studio Version 17
VisualStudioVersion = 17.10.34916.146
MinimumVisualStudioVersion = 10.0.40219.1
Project("{FAE04EC0-301F-11D3-BF4B-00C04F79EFBC}") = "SDKAppWrite", "SDKAppWrite.csproj", "{903E7330-75F8-4D88-B1E9-990C36B4C507}"
EndProject
Global
	GlobalSection(SolutionConfigurationPlatforms) = preSolution
		Debug|Any CPU = Debug|Any CPU
		Release|Any CPU = Release|Any CPU
	EndGlobalSection
	GlobalSection(ProjectConfigurationPlatforms) = postSolution
		{903E7330-75F8-4D88-B1E9-990C36B4C507}.Debug|Any CPU.ActiveCfg = Debug|Any CPU
		{903E7330-75F8-4D88-B1E9-990C36B4C507}.Debug|Any CPU.Build.0 = Debug|Any CPU
		{903E7330-75F8-4D88-B1E9-990C36B4C507}.Release|Any CPU.ActiveCfg = Release|Any CPU
		{903E7330-75F8-4D88-B1E9-990C36B4C507}.Release|Any CPU.Build.0 = Release|Any CPU
	EndGlobalSection
	GlobalSection(SolutionProperties) = preSolution
		HideSolutionNode = FALSE
	EndGlobalSection
	GlobalSection(ExtensibilityGlobals) = postSolution
		SolutionGuid = {15B65300-AC82-484C-B37B-AB5033E08D51}
	EndGlobalSection
EndGlobal
